
Microsoft Visual Studio Solution File, Format Version 12.00
# Visual Studio Version 17
VisualStudioVersion = 17.0.32112.339
MinimumVisualStudioVersion = 10.0.40219.1
Project("{FAE04EC0-301F-11D3-BF4B-00C04F79EFBC}") = "Urla.DS.MQTT", "Urla.DS.MQTT.csproj", "{63189957-0AC4-43C1-BCA7-CE32A23D57C7}"
EndProject
Project("{FAE04EC0-301F-11D3-BF4B-00C04F79EFBC}") = "Urla.DS.MQTT.APP", "..\Urla.DS.MQTT.APP\Urla.DS.MQTT.APP.csproj", "{72D5E29D-509B-4942-B2D6-B19EC4243569}"
EndProject
Global
	GlobalSection(SolutionConfigurationPlatforms) = preSolution
		Debug|Any CPU = Debug|Any CPU
		Release|Any CPU = Release|Any CPU
	EndGlobalSection
	GlobalSection(ProjectConfigurationPlatforms) = postSolution
		{63189957-0AC4-43C1-BCA7-CE32A23D57C7}.Debug|Any CPU.ActiveCfg = Debug|Any CPU
		{63189957-0AC4-43C1-BCA7-CE32A23D57C7}.Debug|Any CPU.Build.0 = Debug|Any CPU
		{63189957-0AC4-43C1-BCA7-CE32A23D57C7}.Release|Any CPU.ActiveCfg = Release|Any CPU
		{63189957-0AC4-43C1-BCA7-CE32A23D57C7}.Release|Any CPU.Build.0 = Release|Any CPU
		{72D5E29D-509B-4942-B2D6-B19EC4243569}.Debug|Any CPU.ActiveCfg = Debug|Any CPU
		{72D5E29D-509B-4942-B2D6-B19EC4243569}.Debug|Any CPU.Build.0 = Debug|Any CPU
		{72D5E29D-509B-4942-B2D6-B19EC4243569}.Release|Any CPU.ActiveCfg = Release|Any CPU
		{72D5E29D-509B-4942-B2D6-B19EC4243569}.Release|Any CPU.Build.0 = Release|Any CPU
	EndGlobalSection
	GlobalSection(SolutionProperties) = preSolution
		HideSolutionNode = FALSE
	EndGlobalSection
	GlobalSection(ExtensibilityGlobals) = postSolution
		SolutionGuid = {F15E229C-FDD7-4A30-89AD-B76F4A66B313}
	EndGlobalSection
EndGlobal
